
Microsoft Visual Studio Solution File, Format Version 12.00
# Visual Studio Version 16
VisualStudioVersion = 16.0.29418.71
MinimumVisualStudioVersion = 10.0.40219.1
Project("{9A19103F-16F7-4668-BE54-9A1E7A4F7556}") = "Penguin.Cms.Modules.Macros", "Penguin.Cms.Modules.Macros.csproj", "{955E407A-4ADD-415A-B86C-9F3BA9FB3DBA}"
EndProject
Global
	GlobalSection(SolutionConfigurationPlatforms) = preSolution
		Debug|Any CPU = Debug|Any CPU
		Release|Any CPU = Release|Any CPU
	EndGlobalSection
	GlobalSection(ProjectConfigurationPlatforms) = postSolution
		{955E407A-4ADD-415A-B86C-9F3BA9FB3DBA}.Debug|Any CPU.ActiveCfg = Debug|Any CPU
		{955E407A-4ADD-415A-B86C-9F3BA9FB3DBA}.Debug|Any CPU.Build.0 = Debug|Any CPU
		{955E407A-4ADD-415A-B86C-9F3BA9FB3DBA}.Release|Any CPU.ActiveCfg = Release|Any CPU
		{955E407A-4ADD-415A-B86C-9F3BA9FB3DBA}.Release|Any CPU.Build.0 = Release|Any CPU
	EndGlobalSection
	GlobalSection(SolutionProperties) = preSolution
		HideSolutionNode = FALSE
	EndGlobalSection
	GlobalSection(ExtensibilityGlobals) = postSolution
		SolutionGuid = {2BCD2973-DD48-42D1-BD73-C063628F7244}
	EndGlobalSection
EndGlobal
